// !$*UTF8*$!
{
	archiveVersion = 1;
	classes = {
	};
	objectVersion = 46;
	objects = {

/* Begin PBXBuildFile section */
		18621B301DB3913800255080 /* main.m in Sources */ = {isa = PBXBuildFile; fileRef = 18621B2F1DB3913800255080 /* main.m */; };
		18621B331DB3913800255080 /* AppDelegate.m in Sources */ = {isa = PBXBuildFile; fileRef = 18621B321DB3913800255080 /* AppDelegate.m */; };
		18621B361DB3913800255080 /* ViewController.m in Sources */ = {isa = PBXBuildFile; fileRef = 18621B351DB3913800255080 /* ViewController.m */; };
		18621B391DB3913800255080 /* Main.storyboard in Resources */ = {isa = PBXBuildFile; fileRef = 18621B371DB3913800255080 /* Main.storyboard */; };
		18621B3B1DB3913800255080 /* Assets.xcassets in Resources */ = {isa = PBXBuildFile; fileRef = 18621B3A1DB3913800255080 /* Assets.xcassets */; };
		18621B3E1DB3913800255080 /* LaunchScreen.storyboard in Resources */ = {isa = PBXBuildFile; fileRef = 18621B3C1DB3913800255080 /* LaunchScreen.storyboard */; };
		18621B4A1DB3949600255080 /* YQLNewsModel.m in Sources */ = {isa = PBXBuildFile; fileRef = 18621B491DB3949600255080 /* YQLNewsModel.m */; };
		18621B511DB3A39500255080 /* YQLNewsCell.m in Sources */ = {isa = PBXBuildFile; fileRef = 18621B4F1DB3A39500255080 /* YQLNewsCell.m */; };
		18621B521DB3A39500255080 /* YQLNewsCell.xib in Resources */ = {isa = PBXBuildFile; fileRef = 18621B501DB3A39500255080 /* YQLNewsCell.xib */; };
		18621B751DB3A7DB00255080 /* MKAnnotationView+WebCache.m in Sources */ = {isa = PBXBuildFile; fileRef = 18621B551DB3A7DB00255080 /* MKAnnotationView+WebCache.m */; };
		18621B761DB3A7DB00255080 /* NSData+ImageContentType.m in Sources */ = {isa = PBXBuildFile; fileRef = 18621B571DB3A7DB00255080 /* NSData+ImageContentType.m */; };
		18621B771DB3A7DB00255080 /* SDImageCache.m in Sources */ = {isa = PBXBuildFile; fileRef = 18621B591DB3A7DB00255080 /* SDImageCache.m */; };
		18621B781DB3A7DB00255080 /* SDWebImageCompat.m in Sources */ = {isa = PBXBuildFile; fileRef = 18621B5B1DB3A7DB00255080 /* SDWebImageCompat.m */; };
		18621B791DB3A7DB00255080 /* SDWebImageDecoder.m in Sources */ = {isa = PBXBuildFile; fileRef = 18621B5D1DB3A7DB00255080 /* SDWebImageDecoder.m */; };
		18621B7A1DB3A7DB00255080 /* SDWebImageDownloader.m in Sources */ = {isa = PBXBuildFile; fileRef = 18621B5F1DB3A7DB00255080 /* SDWebImageDownloader.m */; };
		18621B7B1DB3A7DB00255080 /* SDWebImageDownloaderOperation.m in Sources */ = {isa = PBXBuildFile; fileRef = 18621B611DB3A7DB00255080 /* SDWebImageDownloaderOperation.m */; };
		18621B7C1DB3A7DB00255080 /* SDWebImageManager.m in Sources */ = {isa = PBXBuildFile; fileRef = 18621B631DB3A7DB00255080 /* SDWebImageManager.m */; };
		18621B7D1DB3A7DB00255080 /* SDWebImagePrefetcher.m in Sources */ = {isa = PBXBuildFile; fileRef = 18621B661DB3A7DB00255080 /* SDWebImagePrefetcher.m */; };
		18621B7E1DB3A7DB00255080 /* UIButton+WebCache.m in Sources */ = {isa = PBXBuildFile; fileRef = 18621B681DB3A7DB00255080 /* UIButton+WebCache.m */; };
		18621B7F1DB3A7DB00255080 /* UIImage+GIF.m in Sources */ = {isa = PBXBuildFile; fileRef = 18621B6A1DB3A7DB00255080 /* UIImage+GIF.m */; };
		18621B801DB3A7DB00255080 /* UIImage+MultiFormat.m in Sources */ = {isa = PBXBuildFile; fileRef = 18621B6C1DB3A7DB00255080 /* UIImage+MultiFormat.m */; };
		18621B811DB3A7DB00255080 /* UIImage+WebP.m in Sources */ = {isa = PBXBuildFile; fileRef = 18621B6E1DB3A7DB00255080 /* UIImage+WebP.m */; };
		18621B821DB3A7DB00255080 /* UIImageView+HighlightedWebCache.m in Sources */ = {isa = PBXBuildFile; fileRef = 18621B701DB3A7DB00255080 /* UIImageView+HighlightedWebCache.m */; };
		18621B831DB3A7DB00255080 /* UIImageView+WebCache.m in Sources */ = {isa = PBXBuildFile; fileRef = 18621B721DB3A7DB00255080 /* UIImageView+WebCache.m */; };
		18621B841DB3A7DB00255080 /* UIView+WebCacheOperation.m in Sources */ = {isa = PBXBuildFile; fileRef = 18621B741DB3A7DB00255080 /* UIView+WebCacheOperation.m */; };
/* End PBXBuildFile section */

/* Begin PBXFileReference section */
		18621B2B1DB3913800255080 /* jsonDemo.app */ = {isa = PBXFileReference; explicitFileType = wrapper.application; includeInIndex = 0; path = jsonDemo.app; sourceTree = BUILT_PRODUCTS_DIR; };
		18621B2F1DB3913800255080 /* main.m */ = {isa = PBXFileReference; lastKnownFileType = sourcecode.c.objc; path = main.m; sourceTree = "<group>"; };
		18621B311DB3913800255080 /* AppDelegate.h */ = {isa = PBXFileReference; lastKnownFileType = sourcecode.c.h; path = AppDelegate.h; sourceTree = "<group>"; };
		18621B321DB3913800255080 /* AppDelegate.m */ = {isa = PBXFileReference; lastKnownFileType = sourcecode.c.objc; path = AppDelegate.m; sourceTree = "<group>"; };
		18621B341DB3913800255080 /* ViewController.h */ = {isa = PBXFileReference; lastKnownFileType = sourcecode.c.h; path = ViewController.h; sourceTree = "<group>"; };
		18621B351DB3913800255080 /* ViewController.m */ = {isa = PBXFileReference; lastKnownFileType = sourcecode.c.objc; path = ViewController.m; sourceTree = "<group>"; };
		18621B381DB3913800255080 /* Base */ = {isa = PBXFileReference; lastKnownFileType = file.storyboard; name = Base; path = Base.lproj/Main.storyboard; sourceTree = "<group>"; };
		18621B3A1DB3913800255080 /* Assets.xcassets */ = {isa = PBXFileReference; lastKnownFileType = folder.assetcatalog; path = Assets.xcassets; sourceTree = "<group>"; };
		18621B3D1DB3913800255080 /* Base */ = {isa = PBXFileReference; lastKnownFileType = file.storyboard; name = Base; path = Base.lproj/LaunchScreen.storyboard; sourceTree = "<group>"; };
		18621B3F1DB3913800255080 /* Info.plist */ = {isa = PBXFileReference; lastKnownFileType = text.plist.xml; path = Info.plist; sourceTree = "<group>"; };
		18621B481DB3949600255080 /* YQLNewsModel.h */ = {isa = PBXFileReference; fileEncoding = 4; lastKnownFileType = sourcecode.c.h; path = YQLNewsModel.h; sourceTree = "<group>"; };
		18621B491DB3949600255080 /* YQLNewsModel.m */ = {isa = PBXFileReference; fileEncoding = 4; lastKnownFileType = sourcecode.c.objc; path = YQLNewsModel.m; sourceTree = "<group>"; };
		18621B4E1DB3A39500255080 /* YQLNewsCell.h */ = {isa = PBXFileReference; fileEncoding = 4; lastKnownFileType = sourcecode.c.h; path = YQLNewsCell.h; sourceTree = "<group>"; };
		18621B4F1DB3A39500255080 /* YQLNewsCell.m */ = {isa = PBXFileReference; fileEncoding = 4; lastKnownFileType = sourcecode.c.objc; path = YQLNewsCell.m; sourceTree = "<group>"; };
		18621B501DB3A39500255080 /* YQLNewsCell.xib */ = {isa = PBXFileReference; fileEncoding = 4; lastKnownFileType = file.xib; path = YQLNewsCell.xib; sourceTree = "<group>"; };
		18621B541DB3A7DB00255080 /* MKAnnotationView+WebCache.h */ = {isa = PBXFileReference; fileEncoding = 4; lastKnownFileType = sourcecode.c.h; path = "MKAnnotationView+WebCache.h"; sourceTree = "<group>"; };
		18621B551DB3A7DB00255080 /* MKAnnotationView+WebCache.m */ = {isa = PBXFileReference; fileEncoding = 4; lastKnownFileType = sourcecode.c.objc; path = "MKAnnotationView+WebCache.m"; sourceTree = "<group>"; };
		18621B561DB3A7DB00255080 /* NSData+ImageContentType.h */ = {isa = PBXFileReference; fileEncoding = 4; lastKnownFileType = sourcecode.c.h; path = "NSData+ImageContentType.h"; sourceTree = "<group>"; };
		18621B571DB3A7DB00255080 /* NSData+ImageContentType.m */ = {isa = PBXFileReference; fileEncoding = 4; lastKnownFileType = sourcecode.c.objc; path = "NSData+ImageContentType.m"; sourceTree = "<group>"; };
		18621B581DB3A7DB00255080 /* SDImageCache.h */ = {isa = PBXFileReference; fileEncoding = 4; lastKnownFileType = sourcecode.c.h; path = SDImageCache.h; sourceTree = "<group>"; };
		18621B591DB3A7DB00255080 /* SDImageCache.m */ = {isa = PBXFileReference; fileEncoding = 4; lastKnownFileType = sourcecode.c.objc; path = SDImageCache.m; sourceTree = "<group>"; };
		18621B5A1DB3A7DB00255080 /* SDWebImageCompat.h */ = {isa = PBXFileReference; fileEncoding = 4; lastKnownFileType = sourcecode.c.h; path = SDWebImageCompat.h; sourceTree = "<group>"; };
		18621B5B1DB3A7DB00255080 /* SDWebImageCompat.m */ = {isa = PBXFileReference; fileEncoding = 4; lastKnownFileType = sourcecode.c.objc; path = SDWebImageCompat.m; sourceTree = "<group>"; };
		18621B5C1DB3A7DB00255080 /* SDWebImageDecoder.h */ = {isa = PBXFileReference; fileEncoding = 4; lastKnownFileType = sourcecode.c.h; path = SDWebImageDecoder.h; sourceTree = "<group>"; };
		18621B5D1DB3A7DB00255080 /* SDWebImageDecoder.m */ = {isa = PBXFileReference; fileEncoding = 4; lastKnownFileType = sourcecode.c.objc; path = SDWebImageDecoder.m; sourceTree = "<group>"; };
		18621B5E1DB3A7DB00255080 /* SDWebImageDownloader.h */ = {isa = PBXFileReference; fileEncoding = 4; lastKnownFileType = sourcecode.c.h; path = SDWebImageDownloader.h; sourceTree = "<group>"; };
		18621B5F1DB3A7DB00255080 /* SDWebImageDownloader.m */ = {isa = PBXFileReference; fileEncoding = 4; lastKnownFileType = sourcecode.c.objc; path = SDWebImageDownloader.m; sourceTree = "<group>"; };
		18621B601DB3A7DB00255080 /* SDWebImageDownloaderOperation.h */ = {isa = PBXFileReference; fileEncoding = 4; lastKnownFileType = sourcecode.c.h; path = SDWebImageDownloaderOperation.h; sourceTree = "<group>"; };
		18621B611DB3A7DB00255080 /* SDWebImageDownloaderOperation.m */ = {isa = PBXFileReference; fileEncoding = 4; lastKnownFileType = sourcecode.c.objc; path = SDWebImageDownloaderOperation.m; sourceTree = "<group>"; };
		18621B621DB3A7DB00255080 /* SDWebImageManager.h */ = {isa = PBXFileReference; fileEncoding = 4; lastKnownFileType = sourcecode.c.h; path = SDWebImageManager.h; sourceTree = "<group>"; };
		18621B631DB3A7DB00255080 /* SDWebImageManager.m */ = {isa = PBXFileReference; fileEncoding = 4; lastKnownFileType = sourcecode.c.objc; path = SDWebImageManager.m; sourceTree = "<group>"; };
		18621B641DB3A7DB00255080 /* SDWebImageOperation.h */ = {isa = PBXFileReference; fileEncoding = 4; lastKnownFileType = sourcecode.c.h; path = SDWebImageOperation.h; sourceTree = "<group>"; };
		18621B651DB3A7DB00255080 /* SDWebImagePrefetcher.h */ = {isa = PBXFileReference; fileEncoding = 4; lastKnownFileType = sourcecode.c.h; path = SDWebImagePrefetcher.h; sourceTree = "<group>"; };
		18621B661DB3A7DB00255080 /* SDWebImagePrefetcher.m */ = {isa = PBXFileReference; fileEncoding = 4; lastKnownFileType = sourcecode.c.objc; path = SDWebImagePrefetcher.m; sourceTree = "<group>"; };
		18621B671DB3A7DB00255080 /* UIButton+WebCache.h */ = {isa = PBXFileReference; fileEncoding = 4; lastKnownFileType = sourcecode.c.h; path = "UIButton+WebCache.h"; sourceTree = "<group>"; };
		18621B681DB3A7DB00255080 /* UIButton+WebCache.m */ = {isa = PBXFileReference; fileEncoding = 4; lastKnownFileType = sourcecode.c.objc; path = "UIButton+WebCache.m"; sourceTree = "<group>"; };
		18621B691DB3A7DB00255080 /* UIImage+GIF.h */ = {isa = PBXFileReference; fileEncoding = 4; lastKnownFileType = sourcecode.c.h; path = "UIImage+GIF.h"; sourceTree = "<group>"; };
		18621B6A1DB3A7DB00255080 /* UIImage+GIF.m */ = {isa = PBXFileReference; fileEncoding = 4; lastKnownFileType = sourcecode.c.objc; path = "UIImage+GIF.m"; sourceTree = "<group>"; };
		18621B6B1DB3A7DB00255080 /* UIImage+MultiFormat.h */ = {isa = PBXFileReference; fileEncoding = 4; lastKnownFileType = sourcecode.c.h; path = "UIImage+MultiFormat.h"; sourceTree = "<group>"; };
		18621B6C1DB3A7DB00255080 /* UIImage+MultiFormat.m */ = {isa = PBXFileReference; fileEncoding = 4; lastKnownFileType = sourcecode.c.objc; path = "UIImage+MultiFormat.m"; sourceTree = "<group>"; };
		18621B6D1DB3A7DB00255080 /* UIImage+WebP.h */ = {isa = PBXFileReference; fileEncoding = 4; lastKnownFileType = sourcecode.c.h; path = "UIImage+WebP.h"; sourceTree = "<group>"; };
		18621B6E1DB3A7DB00255080 /* UIImage+WebP.m */ = {isa = PBXFileReference; fileEncoding = 4; lastKnownFileType = sourcecode.c.objc; path = "UIImage+WebP.m"; sourceTree = "<group>"; };
		18621B6F1DB3A7DB00255080 /* UIImageView+HighlightedWebCache.h */ = {isa = PBXFileReference; fileEncoding = 4; lastKnownFileType = sourcecode.c.h; path = "UIImageView+HighlightedWebCache.h"; sourceTree = "<group>"; };
		18621B701DB3A7DB00255080 /* UIImageView+HighlightedWebCache.m */ = {isa = PBXFileReference; fileEncoding = 4; lastKnownFileType = sourcecode.c.objc; path = "UIImageView+HighlightedWebCache.m"; sourceTree = "<group>"; };
		18621B711DB3A7DB00255080 /* UIImageView+WebCache.h */ = {isa = PBXFileReference; fileEncoding = 4; lastKnownFileType = sourcecode.c.h; path = "UIImageView+WebCache.h"; sourceTree = "<group>"; };
		18621B721DB3A7DB00255080 /* UIImageView+WebCache.m */ = {isa = PBXFileReference; fileEncoding = 4; lastKnownFileType = sourcecode.c.objc; path = "UIImageView+WebCache.m"; sourceTree = "<group>"; };
		18621B731DB3A7DB00255080 /* UIView+WebCacheOperation.h */ = {isa = PBXFileReference; fileEncoding = 4; lastKnownFileType = sourcecode.c.h; path = "UIView+WebCacheOperation.h"; sourceTree = "<group>"; };
		18621B741DB3A7DB00255080 /* UIView+WebCacheOperation.m */ = {isa = PBXFileReference; fileEncoding = 4; lastKnownFileType = sourcecode.c.objc; path = "UIView+WebCacheOperation.m"; sourceTree = "<group>"; };
/* End PBXFileReference section */

/* Begin PBXFrameworksBuildPhase section */
		18621B281DB3913800255080 /* Frameworks */ = {
			isa = PBXFrameworksBuildPhase;
			buildActionMask = 2147483647;
			files = (
			);
			runOnlyForDeploymentPostprocessing = 0;
		};
/* End PBXFrameworksBuildPhase section */

/* Begin PBXGroup section */
		18621B221DB3913800255080 = {
			isa = PBXGroup;
			children = (
				18621B2D1DB3913800255080 /* jsonDemo */,
				18621B2C1DB3913800255080 /* Products */,
			);
			sourceTree = "<group>";
		};
		18621B2C1DB3913800255080 /* Products */ = {
			isa = PBXGroup;
			children = (
				18621B2B1DB3913800255080 /* jsonDemo.app */,
			);
			name = Products;
			sourceTree = "<group>";
		};
		18621B2D1DB3913800255080 /* jsonDemo */ = {
			isa = PBXGroup;
			children = (
				18621B531DB3A7DB00255080 /* SDWebImage */,
				18621B311DB3913800255080 /* AppDelegate.h */,
				18621B321DB3913800255080 /* AppDelegate.m */,
				18621B471DB3946300255080 /* Controller */,
				18621B461DB3945D00255080 /* View */,
				18621B451DB3945300255080 /* Model */,
				18621B2E1DB3913800255080 /* Supporting Files */,
			);
			path = jsonDemo;
			sourceTree = "<group>";
		};
		18621B2E1DB3913800255080 /* Supporting Files */ = {
			isa = PBXGroup;
			children = (
				18621B371DB3913800255080 /* Main.storyboard */,
				18621B3A1DB3913800255080 /* Assets.xcassets */,
				18621B3C1DB3913800255080 /* LaunchScreen.storyboard */,
				18621B3F1DB3913800255080 /* Info.plist */,
				18621B2F1DB3913800255080 /* main.m */,
			);
			name = "Supporting Files";
			sourceTree = "<group>";
		};
		18621B451DB3945300255080 /* Model */ = {
			isa = PBXGroup;
			children = (
				18621B481DB3949600255080 /* YQLNewsModel.h */,
				18621B491DB3949600255080 /* YQLNewsModel.m */,
			);
			name = Model;
			sourceTree = "<group>";
		};
		18621B461DB3945D00255080 /* View */ = {
			isa = PBXGroup;
			children = (
				18621B4E1DB3A39500255080 /* YQLNewsCell.h */,
				18621B4F1DB3A39500255080 /* YQLNewsCell.m */,
				18621B501DB3A39500255080 /* YQLNewsCell.xib */,
			);
			name = View;
			sourceTree = "<group>";
		};
		18621B471DB3946300255080 /* Controller */ = {
			isa = PBXGroup;
			children = (
				18621B341DB3913800255080 /* ViewController.h */,
				18621B351DB3913800255080 /* ViewController.m */,
			);
			name = Controller;
			sourceTree = "<group>";
		};
		18621B531DB3A7DB00255080 /* SDWebImage */ = {
			isa = PBXGroup;
			children = (
				18621B541DB3A7DB00255080 /* MKAnnotationView+WebCache.h */,
				18621B551DB3A7DB00255080 /* MKAnnotationView+WebCache.m */,
				18621B561DB3A7DB00255080 /* NSData+ImageContentType.h */,
				18621B571DB3A7DB00255080 /* NSData+ImageContentType.m */,
				18621B581DB3A7DB00255080 /* SDImageCache.h */,
				18621B591DB3A7DB00255080 /* SDImageCache.m */,
				18621B5A1DB3A7DB00255080 /* SDWebImageCompat.h */,
				18621B5B1DB3A7DB00255080 /* SDWebImageCompat.m */,
				18621B5C1DB3A7DB00255080 /* SDWebImageDecoder.h */,
				18621B5D1DB3A7DB00255080 /* SDWebImageDecoder.m */,
				18621B5E1DB3A7DB00255080 /* SDWebImageDownloader.h */,
				18621B5F1DB3A7DB00255080 /* SDWebImageDownloader.m */,
				18621B601DB3A7DB00255080 /* SDWebImageDownloaderOperation.h */,
				18621B611DB3A7DB00255080 /* SDWebImageDownloaderOperation.m */,
				18621B621DB3A7DB00255080 /* SDWebImageManager.h */,
				18621B631DB3A7DB00255080 /* SDWebImageManager.m */,
				18621B641DB3A7DB00255080 /* SDWebImageOperation.h */,
				18621B651DB3A7DB00255080 /* SDWebImagePrefetcher.h */,
				18621B661DB3A7DB00255080 /* SDWebImagePrefetcher.m */,
				18621B671DB3A7DB00255080 /* UIButton+WebCache.h */,
				18621B681DB3A7DB00255080 /* UIButton+WebCache.m */,
				18621B691DB3A7DB00255080 /* UIImage+GIF.h */,
				18621B6A1DB3A7DB00255080 /* UIImage+GIF.m */,
				18621B6B1DB3A7DB00255080 /* UIImage+MultiFormat.h */,
				18621B6C1DB3A7DB00255080 /* UIImage+MultiFormat.m */,
				18621B6D1DB3A7DB00255080 /* UIImage+WebP.h */,
				18621B6E1DB3A7DB00255080 /* UIImage+WebP.m */,
				18621B6F1DB3A7DB00255080 /* UIImageView+HighlightedWebCache.h */,
				18621B701DB3A7DB00255080 /* UIImageView+HighlightedWebCache.m */,
				18621B711DB3A7DB00255080 /* UIImageView+WebCache.h */,
				18621B721DB3A7DB00255080 /* UIImageView+WebCache.m */,
				18621B731DB3A7DB00255080 /* UIView+WebCacheOperation.h */,
				18621B741DB3A7DB00255080 /* UIView+WebCacheOperation.m */,
			);
			path = SDWebImage;
			sourceTree = "<group>";
		};
/* End PBXGroup section */

/* Begin PBXNativeTarget section */
		18621B2A1DB3913800255080 /* jsonDemo */ = {
			isa = PBXNativeTarget;
			buildConfigurationList = 18621B421DB3913800255080 /* Build configuration list for PBXNativeTarget "jsonDemo" */;
			buildPhases = (
				18621B271DB3913800255080 /* Sources */,
				18621B281DB3913800255080 /* Frameworks */,
				18621B291DB3913800255080 /* Resources */,
			);
			buildRules = (
			);
			dependencies = (
			);
			name = jsonDemo;
			productName = jsonDemo;
			productReference = 18621B2B1DB3913800255080 /* jsonDemo.app */;
			productType = "com.apple.product-type.application";
		};
/* End PBXNativeTarget section */

/* Begin PBXProject section */
		18621B231DB3913800255080 /* Project object */ = {
			isa = PBXProject;
			attributes = {
				CLASSPREFIX = YQL;
				LastUpgradeCheck = 0800;
				ORGANIZATIONNAME = apple;
				TargetAttributes = {
					18621B2A1DB3913800255080 = {
						CreatedOnToolsVersion = 8.0;
						DevelopmentTeam = 2UJX9R58L5;
						ProvisioningStyle = Automatic;
					};
				};
			};
			buildConfigurationList = 18621B261DB3913800255080 /* Build configuration list for PBXProject "jsonDemo" */;
			compatibilityVersion = "Xcode 3.2";
			developmentRegion = English;
			hasScannedForEncodings = 0;
			knownRegions = (
				en,
				Base,
			);
			mainGroup = 18621B221DB3913800255080;
			productRefGroup = 18621B2C1DB3913800255080 /* Products */;
			projectDirPath = "";
			projectRoot = "";
			targets = (
				18621B2A1DB3913800255080 /* jsonDemo */,
			);
		};
/* End PBXProject section */

/* Begin PBXResourcesBuildPhase section */
		18621B291DB3913800255080 /* Resources */ = {
			isa = PBXResourcesBuildPhase;
			buildActionMask = 2147483647;
			files = (
				18621B3E1DB3913800255080 /* LaunchScreen.storyboard in Resources */,
				18621B3B1DB3913800255080 /* Assets.xcassets in Resources */,
				18621B391DB3913800255080 /* Main.storyboard in Resources */,
				18621B521DB3A39500255080 /* YQLNewsCell.xib in Resources */,
			);
			runOnlyForDeploymentPostprocessing = 0;
		};
/* End PBXResourcesBuildPhase section */

/* Begin PBXSourcesBuildPhase section */
		18621B271DB3913800255080 /* Sources */ = {
			isa = PBXSourcesBuildPhase;
			buildActionMask = 2147483647;
			files = (
				18621B361DB3913800255080 /* ViewController.m in Sources */,
				18621B821DB3A7DB00255080 /* UIImageView+HighlightedWebCache.m in Sources */,
				18621B831DB3A7DB00255080 /* UIImageView+WebCache.m in Sources */,
				18621B811DB3A7DB00255080 /* UIImage+WebP.m in Sources */,
				18621B7D1DB3A7DB00255080 /* SDWebImagePrefetcher.m in Sources */,
				18621B4A1DB3949600255080 /* YQLNewsModel.m in Sources */,
				18621B791DB3A7DB00255080 /* SDWebImageDecoder.m in Sources */,
				18621B7A1DB3A7DB00255080 /* SDWebImageDownloader.m in Sources */,
				18621B511DB3A39500255080 /* YQLNewsCell.m in Sources */,
				18621B7C1DB3A7DB00255080 /* SDWebImageManager.m in Sources */,
				18621B841DB3A7DB00255080 /* UIView+WebCacheOperation.m in Sources */,
				18621B7E1DB3A7DB00255080 /* UIButton+WebCache.m in Sources */,
				18621B801DB3A7DB00255080 /* UIImage+MultiFormat.m in Sources */,
				18621B331DB3913800255080 /* AppDelegate.m in Sources */,
				18621B7B1DB3A7DB00255080 /* SDWebImageDownloaderOperation.m in Sources */,
				18621B7F1DB3A7DB00255080 /* UIImage+GIF.m in Sources */,
				18621B781DB3A7DB00255080 /* SDWebImageCompat.m in Sources */,
				18621B761DB3A7DB00255080 /* NSData+ImageContentType.m in Sources */,
				18621B301DB3913800255080 /* main.m in Sources */,
				18621B751DB3A7DB00255080 /* MKAnnotationView+WebCache.m in Sources */,
				18621B771DB3A7DB00255080 /* SDImageCache.m in Sources */,
			);
			runOnlyForDeploymentPostprocessing = 0;
		};
/* End PBXSourcesBuildPhase section */

/* Begin PBXVariantGroup section */
		18621B371DB3913800255080 /* Main.storyboard */ = {
			isa = PBXVariantGroup;
			children = (
				18621B381DB3913800255080 /* Base */,
			);
			name = Main.storyboard;
			sourceTree = "<group>";
		};
		18621B3C1DB3913800255080 /* LaunchScreen.storyboard */ = {
			isa = PBXVariantGroup;
			children = (
				18621B3D1DB3913800255080 /* Base */,
			);
			name = LaunchScreen.storyboard;
			sourceTree = "<group>";
		};
/* End PBXVariantGroup section */

/* Begin XCBuildConfiguration section */
		18621B401DB3913800255080 /* Debug */ = {
			isa = XCBuildConfiguration;
			buildSettings = {
				ALWAYS_SEARCH_USER_PATHS = NO;
				CLANG_ANALYZER_NONNULL = YES;
				CLANG_CXX_LANGUAGE_STANDARD = "gnu++0x";
				CLANG_CXX_LIBRARY = "libc++";
				CLANG_ENABLE_MODULES = YES;
				CLANG_ENABLE_OBJC_ARC = YES;
				CLANG_WARN_BOOL_CONVERSION = YES;
				CLANG_WARN_CONSTANT_CONVERSION = YES;
				CLANG_WARN_DIRECT_OBJC_ISA_USAGE = YES_ERROR;
				CLANG_WARN_DOCUMENTATION_COMMENTS = YES;
				CLANG_WARN_EMPTY_BODY = YES;
				CLANG_WARN_ENUM_CONVERSION = YES;
				CLANG_WARN_INFINITE_RECURSION = YES;
				CLANG_WARN_INT_CONVERSION = YES;
				CLANG_WARN_OBJC_ROOT_CLASS = YES_ERROR;
				CLANG_WARN_SUSPICIOUS_MOVES = YES;
				CLANG_WARN_UNREACHABLE_CODE = YES;
				CLANG_WARN__DUPLICATE_METHOD_MATCH = YES;
				"CODE_SIGN_IDENTITY[sdk=iphoneos*]" = "iPhone Developer";
				COPY_PHASE_STRIP = NO;
				DEBUG_INFORMATION_FORMAT = dwarf;
				ENABLE_STRICT_OBJC_MSGSEND = YES;
				ENABLE_TESTABILITY = YES;
				GCC_C_LANGUAGE_STANDARD = gnu99;
				GCC_DYNAMIC_NO_PIC = NO;
				GCC_NO_COMMON_BLOCKS = YES;
				GCC_OPTIMIZATION_LEVEL = 0;
				GCC_PREPROCESSOR_DEFINITIONS = (
					"DEBUG=1",
					"$(inherited)",
				);
				GCC_WARN_64_TO_32_BIT_CONVERSION = YES;
				GCC_WARN_ABOUT_RETURN_TYPE = YES_ERROR;
				GCC_WARN_UNDECLARED_SELECTOR = YES;
				GCC_WARN_UNINITIALIZED_AUTOS = YES_AGGRESSIVE;
				GCC_WARN_UNUSED_FUNCTION = YES;
				GCC_WARN_UNUSED_VARIABLE = YES;
				IPHONEOS_DEPLOYMENT_TARGET = 10.0;
				MTL_ENABLE_DEBUG_INFO = YES;
				ONLY_ACTIVE_ARCH = YES;
				SDKROOT = iphoneos;
			};
			name = Debug;
		};
		18621B411DB3913800255080 /* Release */ = {
			isa = XCBuildConfiguration;
			buildSettings = {
				ALWAYS_SEARCH_USER_PATHS = NO;
				CLANG_ANALYZER_NONNULL = YES;
				CLANG_CXX_LANGUAGE_STANDARD = "gnu++0x";
				CLANG_CXX_LIBRARY = "libc++";
				CLANG_ENABLE_MODULES = YES;
				CLANG_ENABLE_OBJC_ARC = YES;
				CLANG_WARN_BOOL_CONVERSION = YES;
				CLANG_WARN_CONSTANT_CONVERSION = YES;
				CLANG_WARN_DIRECT_OBJC_ISA_USAGE = YES_ERROR;
				CLANG_WARN_DOCUMENTATION_COMMENTS = YES;
				CLANG_WARN_EMPTY_BODY = YES;
				CLANG_WARN_ENUM_CONVERSION = YES;
				CLANG_WARN_INFINITE_RECURSION = YES;
				CLANG_WARN_INT_CONVERSION = YES;
				CLANG_WARN_OBJC_ROOT_CLASS = YES_ERROR;
				CLANG_WARN_SUSPICIOUS_MOVES = YES;
				CLANG_WARN_UNREACHABLE_CODE = YES;
				CLANG_WARN__DUPLICATE_METHOD_MATCH = YES;
				"CODE_SIGN_IDENTITY[sdk=iphoneos*]" = "iPhone Developer";
				COPY_PHASE_STRIP = NO;
				DEBUG_INFORMATION_FORMAT = "dwarf-with-dsym";
				ENABLE_NS_ASSERTIONS = NO;
				ENABLE_STRICT_OBJC_MSGSEND = YES;
				GCC_C_LANGUAGE_STANDARD = gnu99;
				GCC_NO_COMMON_BLOCKS = YES;
				GCC_WARN_64_TO_32_BIT_CONVERSION = YES;
				GCC_WARN_ABOUT_RETURN_TYPE = YES_ERROR;
				GCC_WARN_UNDECLARED_SELECTOR = YES;
				GCC_WARN_UNINITIALIZED_AUTOS = YES_AGGRESSIVE;
				GCC_WARN_UNUSED_FUNCTION = YES;
				GCC_WARN_UNUSED_VARIABLE = YES;
				IPHONEOS_DEPLOYMENT_TARGET = 10.0;
				MTL_ENABLE_DEBUG_INFO = NO;
				SDKROOT = iphoneos;
				VALIDATE_PRODUCT = YES;
			};
			name = Release;
		};
		18621B431DB3913800255080 /* Debug */ = {
			isa = XCBuildConfiguration;
			buildSettings = {
				ASSETCATALOG_COMPILER_APPICON_NAME = AppIcon;
				DEVELOPMENT_TEAM = 2UJX9R58L5;
				INFOPLIST_FILE = jsonDemo/Info.plist;
				LD_RUNPATH_SEARCH_PATHS = "$(inherited) @executable_path/Frameworks";
				PRODUCT_BUNDLE_IDENTIFIER = YQL.jsonDemo;
				PRODUCT_NAME = "$(TARGET_NAME)";
			};
			name = Debug;
		};
		18621B441DB3913800255080 /* Release */ = {
			isa = XCBuildConfiguration;
			buildSettings = {
				ASSETCATALOG_COMPILER_APPICON_NAME = AppIcon;
				DEVELOPMENT_TEAM = 2UJX9R58L5;
				INFOPLIST_FILE = jsonDemo/Info.plist;
				LD_RUNPATH_SEARCH_PATHS = "$(inherited) @executable_path/Frameworks";
				PRODUCT_BUNDLE_IDENTIFIER = YQL.jsonDemo;
				PRODUCT_NAME = "$(TARGET_NAME)";
			};
			name = Release;
		};
/* End XCBuildConfiguration section */

/* Begin XCConfigurationList section */
		18621B261DB3913800255080 /* Build configuration list for PBXProject "jsonDemo" */ = {
			isa = XCConfigurationList;
			buildConfigurations = (
				18621B401DB3913800255080 /* Debug */,
				18621B411DB3913800255080 /* Release */,
			);
			defaultConfigurationIsVisible = 0;
			defaultConfigurationName = Release;
		};
		18621B421DB3913800255080 /* Build configuration list for PBXNativeTarget "jsonDemo" */ = {
			isa = XCConfigurationList;
			buildConfigurations = (
				18621B431DB3913800255080 /* Debug */,
				18621B441DB3913800255080 /* Release */,
			);
			defaultConfigurationIsVisible = 0;
		};
/* End XCConfigurationList section */
	};
	rootObject = 18621B231DB3913800255080 /* Project object */;
}
